<Solution>
  <Configurations>
    <Platform Name="x64" />
  </Configurations>
  <Project Path="BinarySearch/BinarySearch.vcxproj" Id="6de3ef56-9115-457b-9a1f-f9c2083f1fee" />
  <Project Path="BruteForce/BruteForce.vcxproj" Id="cdec5d8c-4b56-4e04-a410-78b80935310d" />
  <Project Path="BubbleAlign/BubbleAlign.vcxproj" Id="3a9ca6d6-fdcc-495a-912a-85be17ca39e2" />
  <Project Path="DFS/DFS.vcxproj" Id="b6c12223-b65b-4b0a-9d19-8c6dbdc77780" />
  <Project Path="HeapSort/HeapSort.vcxproj" Id="3b2beb98-08d5-4d4c-9222-6dbbc2ab3776" />
  <Project Path="InsertionSort/InsertionSort.vcxproj" Id="64a5b56b-2432-4157-868f-739d0694a020" />
  <Project Path="MergeSort/MergeSort.vcxproj" Id="6e9fa840-0ed0-404e-a7c1-d54ed0397dc5" />
  <Project Path="QuadTree/QuadTree.vcxproj" Id="d7fca935-409a-40b2-b71d-646d29eadd7c" />
  <Project Path="QuickSort/QuickSort.vcxproj" Id="cf27d6f7-3dd0-42b5-babf-68352e83e45f" />
  <Project Path="Random/Random.vcxproj" Id="08f653ab-c902-4dba-8c09-3ded98ede526" />
  <Project Path="Recursive/Recursive.vcxproj" Id="4a7a7d5f-9031-4e81-af38-33cd8ca4adc9" />
  <Project Path="SelectionSort/SelectionSort.vcxproj" Id="649ce5cf-870f-4059-9d1e-a08acfbc3e78" />
</Solution>
